{
  "nodes": {
    "emacs-overlay": {
      "inputs": {
        "flake-utils": "flake-utils",
        "nixpkgs": "nixpkgs"
      },
      "locked": {
        "lastModified": 1664163612,
        "narHash": "sha256-ZDq8ow+0hwwKep2nGbhbiUrXwjNFAmqZA8MA/cQEyuA=",
        "owner": "nix-community",
        "repo": "emacs-overlay",
        "rev": "c224e399e36f2511ae5c9495d26b5968dbf97415",
        "type": "github"
      },
      "original": {
        "owner": "nix-community",
        "repo": "emacs-overlay",
        "type": "github"
      }
    },
    "flake-utils": {
      "locked": {
        "lastModified": 1659877975,
        "narHash": "sha256-zllb8aq3YO3h8B/U0/J1WBgAL8EX5yWf5pMj3G0NAmc=",
        "owner": "numtide",
        "repo": "flake-utils",
        "rev": "c0e246b9b83f637f4681389ecabcb2681b4f3af0",
        "type": "github"
      },
      "original": {
        "owner": "numtide",
        "repo": "flake-utils",
        "type": "github"
      }
    },
    "home-manager": {
      "inputs": {
        "nixpkgs": [
          "nixos-unstable"
        ],
        "utils": "utils"
      },
      "locked": {
        "lastModified": 1664146938,
        "narHash": "sha256-fIvsJ3qWiD6o3qH9iU66OsL8uG5C1FGXcuaNEctJv8M=",
        "owner": "nix-community",
        "repo": "home-manager",
        "rev": "9e7394523eb4f298528d457e316fc752bdf07151",
        "type": "github"
      },
      "original": {
        "owner": "nix-community",
        "repo": "home-manager",
        "type": "github"
      }
    },
    "my-dotfiles": {
      "flake": false,
      "locked": {
        "lastModified": 1664180458,
        "narHash": "sha256-hVmXTDX4lYXxmcvuODj2V2lYVpxDZTUG42c9LIDy+IU=",
        "path": "/home/adfaure/Projects/dotfiles",
        "type": "path"
      },
      "original": {
        "path": "/home/adfaure/Projects/dotfiles",
        "type": "path"
      }
    },
    "nixos-unstable": {
      "locked": {
        "lastModified": 1664106353,
        "narHash": "sha256-HMJP80+DSxFySpWyuxz5+iNozS3+dVt0b4n6YMIU5/8=",
        "owner": "NixOS",
        "repo": "nixpkgs",
        "rev": "79d3ca08920364759c63fd3eb562e99c0c17044a",
        "type": "github"
      },
      "original": {
        "owner": "NixOS",
        "ref": "nixos-unstable",
        "repo": "nixpkgs",
        "type": "github"
      }
    },
    "nixpkgs": {
      "locked": {
        "lastModified": 1664146047,
        "narHash": "sha256-UbL3+IynDpvm39bVMT45diqh3eunMaSRh3d1Rmp8ZxA=",
        "owner": "NixOS",
        "repo": "nixpkgs",
        "rev": "a8b721d4960189a6366f77baa3fd75b5673fac08",
        "type": "github"
      },
      "original": {
        "id": "nixpkgs",
        "type": "indirect"
      }
    },
    "nixpkgs_2": {
      "locked": {
        "lastModified": 1664107978,
        "narHash": "sha256-31I9XnIjXkUa62BM1Zr/ylKMf9eVO5PtoX2mGpmB7/U=",
        "owner": "NixOS",
        "repo": "nixpkgs",
        "rev": "72783a2d0dbbf030bff1537873dd5b85b3fb332f",
        "type": "github"
      },
      "original": {
        "owner": "NixOS",
        "ref": "nixos-22.05",
        "repo": "nixpkgs",
        "type": "github"
      }
    },
    "nur": {
      "locked": {
        "lastModified": 1664179085,
        "narHash": "sha256-qw7aqKbLJrQu+xZWdXohxaP9WEOl5q0b74ttj6xbFkY=",
        "owner": "nix-community",
        "repo": "NUR",
        "rev": "046cab87a6ee9a7f5191585f2c340a13323771f4",
        "type": "github"
      },
      "original": {
        "owner": "nix-community",
        "repo": "NUR",
        "type": "github"
      }
    },
    "root": {
      "inputs": {
        "emacs-overlay": "emacs-overlay",
        "home-manager": "home-manager",
        "my-dotfiles": "my-dotfiles",
        "nixos-unstable": "nixos-unstable",
        "nixpkgs": "nixpkgs_2",
        "nur": "nur"
      }
    },
    "utils": {
      "locked": {
        "lastModified": 1659877975,
        "narHash": "sha256-zllb8aq3YO3h8B/U0/J1WBgAL8EX5yWf5pMj3G0NAmc=",
        "owner": "numtide",
        "repo": "flake-utils",
        "rev": "c0e246b9b83f637f4681389ecabcb2681b4f3af0",
        "type": "github"
      },
      "original": {
        "owner": "numtide",
        "repo": "flake-utils",
        "type": "github"
      }
    }
  },
  "root": "root",
  "version": 7
}
